
Microsoft Visual Studio Solution File, Format Version 12.00
# Visual Studio Version 17
VisualStudioVersion = 17.2.32616.157
MinimumVisualStudioVersion = 10.0.40219.1
Project("{FAE04EC0-301F-11D3-BF4B-00C04F79EFBC}") = "Fresh1ErpProj", "Fresh1ErpProj\Fresh1ErpProj.csproj", "{4564EB27-5538-406E-802E-882BB69F2387}"
EndProject
Project("{FAE04EC0-301F-11D3-BF4B-00C04F79EFBC}") = "ServicesOperations", "ServicesOperations\ServicesOperations.csproj", "{BF787CB9-0AC5-4541-92B7-073E7B7F3C1C}"
EndProject
Project("{FAE04EC0-301F-11D3-BF4B-00C04F79EFBC}") = "DatabaseOpworks", "DatabaseOpworks\DatabaseOpworks.csproj", "{65C9298F-94C6-4D46-958F-6279A7F2EC4F}"
EndProject
Global
	GlobalSection(SolutionConfigurationPlatforms) = preSolution
		Debug|Any CPU = Debug|Any CPU
		Release|Any CPU = Release|Any CPU
	EndGlobalSection
	GlobalSection(ProjectConfigurationPlatforms) = postSolution
		{4564EB27-5538-406E-802E-882BB69F2387}.Debug|Any CPU.ActiveCfg = Debug|Any CPU
		{4564EB27-5538-406E-802E-882BB69F2387}.Debug|Any CPU.Build.0 = Debug|Any CPU
		{4564EB27-5538-406E-802E-882BB69F2387}.Release|Any CPU.ActiveCfg = Release|Any CPU
		{4564EB27-5538-406E-802E-882BB69F2387}.Release|Any CPU.Build.0 = Release|Any CPU
		{BF787CB9-0AC5-4541-92B7-073E7B7F3C1C}.Debug|Any CPU.ActiveCfg = Debug|Any CPU
		{BF787CB9-0AC5-4541-92B7-073E7B7F3C1C}.Debug|Any CPU.Build.0 = Debug|Any CPU
		{BF787CB9-0AC5-4541-92B7-073E7B7F3C1C}.Release|Any CPU.ActiveCfg = Release|Any CPU
		{BF787CB9-0AC5-4541-92B7-073E7B7F3C1C}.Release|Any CPU.Build.0 = Release|Any CPU
		{65C9298F-94C6-4D46-958F-6279A7F2EC4F}.Debug|Any CPU.ActiveCfg = Debug|Any CPU
		{65C9298F-94C6-4D46-958F-6279A7F2EC4F}.Debug|Any CPU.Build.0 = Debug|Any CPU
		{65C9298F-94C6-4D46-958F-6279A7F2EC4F}.Release|Any CPU.ActiveCfg = Release|Any CPU
		{65C9298F-94C6-4D46-958F-6279A7F2EC4F}.Release|Any CPU.Build.0 = Release|Any CPU
	EndGlobalSection
	GlobalSection(SolutionProperties) = preSolution
		HideSolutionNode = FALSE
	EndGlobalSection
	GlobalSection(ExtensibilityGlobals) = postSolution
		SolutionGuid = {D52D306F-997A-421E-B002-F0454CEF2174}
	EndGlobalSection
EndGlobal
